
Microsoft Visual Studio Solution File, Format Version 12.00
# Visual Studio Version 16
VisualStudioVersion = 16.0.31105.61
MinimumVisualStudioVersion = 10.0.40219.1
Project("{FAE04EC0-301F-11D3-BF4B-00C04F79EFBC}") = "GeomFigures2", "App3\GeomFigures2.csproj", "{10281325-083B-43FB-907E-667F8BD6AEE0}"
EndProject
Project("{FAE04EC0-301F-11D3-BF4B-00C04F79EFBC}") = "GeomFig", "GeomFig\GeomFig.csproj", "{7183FCF8-06CC-4623-876A-838571A07341}"
EndProject
Global
	GlobalSection(SolutionConfigurationPlatforms) = preSolution
		Debug|Any CPU = Debug|Any CPU
		Release|Any CPU = Release|Any CPU
	EndGlobalSection
	GlobalSection(ProjectConfigurationPlatforms) = postSolution
		{10281325-083B-43FB-907E-667F8BD6AEE0}.Debug|Any CPU.ActiveCfg = Debug|Any CPU
		{10281325-083B-43FB-907E-667F8BD6AEE0}.Debug|Any CPU.Build.0 = Debug|Any CPU
		{10281325-083B-43FB-907E-667F8BD6AEE0}.Release|Any CPU.ActiveCfg = Release|Any CPU
		{10281325-083B-43FB-907E-667F8BD6AEE0}.Release|Any CPU.Build.0 = Release|Any CPU
		{7183FCF8-06CC-4623-876A-838571A07341}.Debug|Any CPU.ActiveCfg = Debug|Any CPU
		{7183FCF8-06CC-4623-876A-838571A07341}.Debug|Any CPU.Build.0 = Debug|Any CPU
		{7183FCF8-06CC-4623-876A-838571A07341}.Release|Any CPU.ActiveCfg = Release|Any CPU
		{7183FCF8-06CC-4623-876A-838571A07341}.Release|Any CPU.Build.0 = Release|Any CPU
	EndGlobalSection
	GlobalSection(SolutionProperties) = preSolution
		HideSolutionNode = FALSE
	EndGlobalSection
	GlobalSection(ExtensibilityGlobals) = postSolution
		SolutionGuid = {905642D3-D928-41F4-BFA5-4124C82D09D1}
	EndGlobalSection
EndGlobal
